
Microsoft Visual Studio Solution File, Format Version 12.00
# Visual Studio 15
VisualStudioVersion = 15.0.28307.1433
MinimumVisualStudioVersion = 10.0.40219.1
Project("{FAE04EC0-301F-11D3-BF4B-00C04F79EFBC}") = "QuizMahasiswa", "QuizMahasiswa\QuizMahasiswa.csproj", "{3A36F5B7-D243-4B3A-AFFD-1E9482532CD3}"
EndProject
Project("{54435603-DBB4-11D2-8724-00A0C9A8B90C}") = "SetupQuiz", "SetupQuiz\SetupQuiz.vdproj", "{E0F97610-F1D2-400D-A0CC-E3C0D7CBFBD5}"
EndProject
Global
	GlobalSection(SolutionConfigurationPlatforms) = preSolution
		Debug|Any CPU = Debug|Any CPU
		Release|Any CPU = Release|Any CPU
	EndGlobalSection
	GlobalSection(ProjectConfigurationPlatforms) = postSolution
		{3A36F5B7-D243-4B3A-AFFD-1E9482532CD3}.Debug|Any CPU.ActiveCfg = Debug|Any CPU
		{3A36F5B7-D243-4B3A-AFFD-1E9482532CD3}.Debug|Any CPU.Build.0 = Debug|Any CPU
		{3A36F5B7-D243-4B3A-AFFD-1E9482532CD3}.Release|Any CPU.ActiveCfg = Release|Any CPU
		{3A36F5B7-D243-4B3A-AFFD-1E9482532CD3}.Release|Any CPU.Build.0 = Release|Any CPU
		{E0F97610-F1D2-400D-A0CC-E3C0D7CBFBD5}.Debug|Any CPU.ActiveCfg = Debug
		{E0F97610-F1D2-400D-A0CC-E3C0D7CBFBD5}.Release|Any CPU.ActiveCfg = Release
	EndGlobalSection
	GlobalSection(SolutionProperties) = preSolution
		HideSolutionNode = FALSE
	EndGlobalSection
	GlobalSection(ExtensibilityGlobals) = postSolution
		SolutionGuid = {9D140F87-91E3-4803-B276-0AD8BDC38D14}
	EndGlobalSection
EndGlobal
